
Microsoft Visual Studio Solution File, Format Version 12.00
# Visual Studio Version 16
VisualStudioVersion = 16.0.28917.181
MinimumVisualStudioVersion = 10.0.40219.1
Project("{FAE04EC0-301F-11D3-BF4B-00C04F79EFBC}") = "Supers", "Supers.csproj", "{F4FCE433-1559-4F41-9720-AA721D803837}"
EndProject
Global
	GlobalSection(SolutionConfigurationPlatforms) = preSolution
		Debug|Any CPU = Debug|Any CPU
		Release|Any CPU = Release|Any CPU
	EndGlobalSection
	GlobalSection(ProjectConfigurationPlatforms) = postSolution
		{F4FCE433-1559-4F41-9720-AA721D803837}.Debug|Any CPU.ActiveCfg = Debug|Any CPU
		{F4FCE433-1559-4F41-9720-AA721D803837}.Debug|Any CPU.Build.0 = Debug|Any CPU
		{F4FCE433-1559-4F41-9720-AA721D803837}.Release|Any CPU.ActiveCfg = Release|Any CPU
		{F4FCE433-1559-4F41-9720-AA721D803837}.Release|Any CPU.Build.0 = Release|Any CPU
	EndGlobalSection
	GlobalSection(SolutionProperties) = preSolution
		HideSolutionNode = FALSE
	EndGlobalSection
	GlobalSection(ExtensibilityGlobals) = postSolution
		SolutionGuid = {A3192343-FFB9-4666-A661-1810B1B48553}
	EndGlobalSection
EndGlobal
